{
  "name": "brick-buddy",
  "version": "0.0.1",
  "lockfileVersion": 2,
  "requires": true,
  "packages": {
    "": {
      "name": "brick-buddy",
      "version": "0.0.1",
      "license": "ISC",
      "dependencies": {
        "@inquirer/prompts": "^7.0.1",
        "cli-color": "^2.0.4",
        "commander": "^12.1.0"
      }
    },
    "node_modules/@inquirer/checkbox": {
      "version": "4.0.1",
      "resolved": "https://registry.npmjs.org/@inquirer/checkbox/-/checkbox-4.0.1.tgz",
      "integrity": "sha512-ehJjmNPdguajc1hStvjN7DJNVjwG5LC1mgGMGFjCmdkn2fxB2GtULftMnlaqNmvMdPpqdaSoOFpl86VkLtG4pQ==",
      "dependencies": {
        "@inquirer/core": "^10.0.1",
        "@inquirer/figures": "^1.0.7",
        "@inquirer/type": "^3.0.0",
        "ansi-escapes": "^4.3.2",
        "yoctocolors-cjs": "^2.1.2"
      },
      "engines": {
        "node": ">=18"
      },
      "peerDependencies": {
        "@types/node": ">=18"
      }
    },
    "node_modules/@inquirer/confirm": {
      "version": "5.0.1",
      "resolved": "https://registry.npmjs.org/@inquirer/confirm/-/confirm-5.0.1.tgz",
      "integrity": "sha512-6ycMm7k7NUApiMGfVc32yIPp28iPKxhGRMqoNDiUjq2RyTAkbs5Fx0TdzBqhabcKvniDdAAvHCmsRjnNfTsogw==",
      "dependencies": {
        "@inquirer/core": "^10.0.1",
        "@inquirer/type": "^3.0.0"
      },
      "engines": {
        "node": ">=18"
      },
      "peerDependencies": {
        "@types/node": ">=18"
      }
    },
    "node_modules/@inquirer/core": {
      "version": "10.0.1",
      "resolved": "https://registry.npmjs.org/@inquirer/core/-/core-10.0.1.tgz",
      "integrity": "sha512-KKTgjViBQUi3AAssqjUFMnMO3CM3qwCHvePV9EW+zTKGKafFGFF01sc1yOIYjLJ7QU52G/FbzKc+c01WLzXmVQ==",
      "dependencies": {
        "@inquirer/figures": "^1.0.7",
        "@inquirer/type": "^3.0.0",
        "ansi-escapes": "^4.3.2",
        "cli-width": "^4.1.0",
        "mute-stream": "^2.0.0",
        "signal-exit": "^4.1.0",
        "strip-ansi": "^6.0.1",
        "wrap-ansi": "^6.2.0",
        "yoctocolors-cjs": "^2.1.2"
      },
      "engines": {
        "node": ">=18"
      }
    },
    "node_modules/@inquirer/editor": {
      "version": "4.0.1",
      "resolved": "https://registry.npmjs.org/@inquirer/editor/-/editor-4.0.1.tgz",
      "integrity": "sha512-qAHHJ6hs343eNtCKgV2wV5CImFxYG8J1pl/YCeI5w9VoW7QpulRUU26+4NsMhjR6zDRjKBsH/rRjCIcaAOHsrg==",
      "dependencies": {
        "@inquirer/core": "^10.0.1",
        "@inquirer/type": "^3.0.0",
        "external-editor": "^3.1.0"
      },
      "engines": {
        "node": ">=18"
      },
      "peerDependencies": {
        "@types/node": ">=18"
      }
    },
    "node_modules/@inquirer/expand": {
      "version": "4.0.1",
      "resolved": "https://registry.npmjs.org/@inquirer/expand/-/expand-4.0.1.tgz",
      "integrity": "sha512-9anjpdc802YInXekwePsa5LWySzVMHbhVS6v6n5IJxrl8w09mODOeP69wZ1d0WrOvot2buQSmYp4lW/pq8y+zQ==",
      "dependencies": {
        "@inquirer/core": "^10.0.1",
        "@inquirer/type": "^3.0.0",
        "yoctocolors-cjs": "^2.1.2"
      },
      "engines": {
        "node": ">=18"
      },
      "peerDependencies": {
        "@types/node": ">=18"
      }
    },
    "node_modules/@inquirer/figures": {
      "version": "1.0.7",
      "resolved": "https://registry.npmjs.org/@inquirer/figures/-/figures-1.0.7.tgz",
      "integrity": "sha512-m+Trk77mp54Zma6xLkLuY+mvanPxlE4A7yNKs2HBiyZ4UkVs28Mv5c/pgWrHeInx+USHeX/WEPzjrWrcJiQgjw==",
      "engines": {
        "node": ">=18"
      }
    },
    "node_modules/@inquirer/input": {
      "version": "4.0.1",
      "resolved": "https://registry.npmjs.org/@inquirer/input/-/input-4.0.1.tgz",
      "integrity": "sha512-m+SliZ2m43cDRIpAdQxfv5QOeAQCuhS8TGLvtzEP1An4IH1kBES4RLMRgE/fC+z29aN8qYG8Tq/eXQQKTYwqAg==",
      "dependencies": {
        "@inquirer/core": "^10.0.1",
        "@inquirer/type": "^3.0.0"
      },
      "engines": {
        "node": ">=18"
      },
      "peerDependencies": {
        "@types/node": ">=18"
      }
    },
    "node_modules/@inquirer/number": {
      "version": "3.0.1",
      "resolved": "https://registry.npmjs.org/@inquirer/number/-/number-3.0.1.tgz",
      "integrity": "sha512-gF3erqfm0snpwBjbyKXUUe17QJ7ebm49btXApajrM0rgCCoYX0o9W5NCuYNae87iPxaIJVjtuoQ42DX32IdbMA==",
      "dependencies": {
        "@inquirer/core": "^10.0.1",
        "@inquirer/type": "^3.0.0"
      },
      "engines": {
        "node": ">=18"
      },
      "peerDependencies": {
        "@types/node": ">=18"
      }
    },
    "node_modules/@inquirer/password": {
      "version": "4.0.1",
      "resolved": "https://registry.npmjs.org/@inquirer/password/-/password-4.0.1.tgz",
      "integrity": "sha512-D7zUuX4l4ZpL3D7/SWu9ibijP09jigwHi/gfUHLx5GMS5oXzuMfPV2xPMG1tskco4enTx70HA0VtMXecerpvbg==",
      "dependencies": {
        "@inquirer/core": "^10.0.1",
        "@inquirer/type": "^3.0.0",
        "ansi-escapes": "^4.3.2"
      },
      "engines": {
        "node": ">=18"
      },
      "peerDependencies": {
        "@types/node": ">=18"
      }
    },
    "node_modules/@inquirer/prompts": {
      "version": "7.0.1",
      "resolved": "https://registry.npmjs.org/@inquirer/prompts/-/prompts-7.0.1.tgz",
      "integrity": "sha512-cu2CpGC2hz7WTt2VBvdkzahDvYice6vYA/8Dm7Fy3tRNzKuQTF2EY3CV4H2GamveWE6tA2XzyXtbWX8+t4WMQg==",
      "dependencies": {
        "@inquirer/checkbox": "^4.0.1",
        "@inquirer/confirm": "^5.0.1",
        "@inquirer/editor": "^4.0.1",
        "@inquirer/expand": "^4.0.1",
        "@inquirer/input": "^4.0.1",
        "@inquirer/number": "^3.0.1",
        "@inquirer/password": "^4.0.1",
        "@inquirer/rawlist": "^4.0.1",
        "@inquirer/search": "^3.0.1",
        "@inquirer/select": "^4.0.1"
      },
      "engines": {
        "node": ">=18"
      },
      "peerDependencies": {
        "@types/node": ">=18"
      }
    },
    "node_modules/@inquirer/rawlist": {
      "version": "4.0.1",
      "resolved": "https://registry.npmjs.org/@inquirer/rawlist/-/rawlist-4.0.1.tgz",
      "integrity": "sha512-0LuMOgaWs7W8JNcbiKkoFwyWFDEeCmLqDCygF0hidQUVa6J5grFVRZxrpompiWDFM49Km2rf7WoZwRo1uf1yWQ==",
      "dependencies": {
        "@inquirer/core": "^10.0.1",
        "@inquirer/type": "^3.0.0",
        "yoctocolors-cjs": "^2.1.2"
      },
      "engines": {
        "node": ">=18"
      },
      "peerDependencies": {
        "@types/node": ">=18"
      }
    },
    "node_modules/@inquirer/search": {
      "version": "3.0.1",
      "resolved": "https://registry.npmjs.org/@inquirer/search/-/search-3.0.1.tgz",
      "integrity": "sha512-ehMqjiO0pAf+KtdONKeCLVy4i3fy3feyRRhDrvzWhiwB8JccgKn7eHFr39l+Nx/FaZAhr0YxIJvkK5NuNvG+Ww==",
      "dependencies": {
        "@inquirer/core": "^10.0.1",
        "@inquirer/figures": "^1.0.7",
        "@inquirer/type": "^3.0.0",
        "yoctocolors-cjs": "^2.1.2"
      },
      "engines": {
        "node": ">=18"
      },
      "peerDependencies": {
        "@types/node": ">=18"
      }
    },
    "node_modules/@inquirer/select": {
      "version": "4.0.1",
      "resolved": "https://registry.npmjs.org/@inquirer/select/-/select-4.0.1.tgz",
      "integrity": "sha512-tVRatFRGU49bxFCKi/3P+C0E13KZduNFbWuHWRx0L2+jbiyKRpXgHp9qiRHWRk/KarhYBXzH/di6w3VQ5aJd5w==",
      "dependencies": {
        "@inquirer/core": "^10.0.1",
        "@inquirer/figures": "^1.0.7",
        "@inquirer/type": "^3.0.0",
        "ansi-escapes": "^4.3.2",
        "yoctocolors-cjs": "^2.1.2"
      },
      "engines": {
        "node": ">=18"
      },
      "peerDependencies": {
        "@types/node": ">=18"
      }
    },
    "node_modules/@inquirer/type": {
      "version": "3.0.0",
      "resolved": "https://registry.npmjs.org/@inquirer/type/-/type-3.0.0.tgz",
      "integrity": "sha512-YYykfbw/lefC7yKj7nanzQXILM7r3suIvyFlCcMskc99axmsSewXWkAfXKwMbgxL76iAFVmRwmYdwNZNc8gjog==",
      "engines": {
        "node": ">=18"
      },
      "peerDependencies": {
        "@types/node": ">=18"
      }
    },
    "node_modules/@types/node": {
      "version": "22.8.2",
      "resolved": "https://registry.npmjs.org/@types/node/-/node-22.8.2.tgz",
      "integrity": "sha512-NzaRNFV+FZkvK/KLCsNdTvID0SThyrs5SHB6tsD/lajr22FGC73N2QeDPM2wHtVde8mgcXuSsHQkH5cX1pbPLw==",
      "peer": true,
      "dependencies": {
        "undici-types": "~6.19.8"
      }
    },
    "node_modules/ansi-escapes": {
      "version": "4.3.2",
      "resolved": "https://registry.npmjs.org/ansi-escapes/-/ansi-escapes-4.3.2.tgz",
      "integrity": "sha512-gKXj5ALrKWQLsYG9jlTRmR/xKluxHV+Z9QEwNIgCfM1/uwPMCuzVVnh5mwTd+OuBZcwSIMbqssNWRm1lE51QaQ==",
      "dependencies": {
        "type-fest": "^0.21.3"
      },
      "engines": {
        "node": ">=8"
      },
      "funding": {
        "url": "https://github.com/sponsors/sindresorhus"
      }
    },
    "node_modules/ansi-regex": {
      "version": "5.0.1",
      "resolved": "https://registry.npmjs.org/ansi-regex/-/ansi-regex-5.0.1.tgz",
      "integrity": "sha512-quJQXlTSUGL2LH9SUXo8VwsY4soanhgo6LNSm84E1LBcE8s3O0wpdiRzyR9z/ZZJMlMWv37qOOb9pdJlMUEKFQ==",
      "engines": {
        "node": ">=8"
      }
    },
    "node_modules/ansi-styles": {
      "version": "4.3.0",
      "resolved": "https://registry.npmjs.org/ansi-styles/-/ansi-styles-4.3.0.tgz",
      "integrity": "sha512-zbB9rCJAT1rbjiVDb2hqKFHNYLxgtk8NURxZ3IZwD3F6NtxbXZQCnnSi1Lkx+IDohdPlFp222wVALIheZJQSEg==",
      "dependencies": {
        "color-convert": "^2.0.1"
      },
      "engines": {
        "node": ">=8"
      },
      "funding": {
        "url": "https://github.com/chalk/ansi-styles?sponsor=1"
      }
    },
    "node_modules/chardet": {
      "version": "0.7.0",
      "resolved": "https://registry.npmjs.org/chardet/-/chardet-0.7.0.tgz",
      "integrity": "sha512-mT8iDcrh03qDGRRmoA2hmBJnxpllMR+0/0qlzjqZES6NdiWDcZkCNAk4rPFZ9Q85r27unkiNNg8ZOiwZXBHwcA=="
    },
    "node_modules/cli-color": {
      "version": "2.0.4",
      "resolved": "https://registry.npmjs.org/cli-color/-/cli-color-2.0.4.tgz",
      "integrity": "sha512-zlnpg0jNcibNrO7GG9IeHH7maWFeCz+Ja1wx/7tZNU5ASSSSZ+/qZciM0/LHCYxSdqv5h2sdbQ/PXYdOuetXvA==",
      "dependencies": {
        "d": "^1.0.1",
        "es5-ext": "^0.10.64",
        "es6-iterator": "^2.0.3",
        "memoizee": "^0.4.15",
        "timers-ext": "^0.1.7"
      },
      "engines": {
        "node": ">=0.10"
      }
    },
    "node_modules/cli-width": {
      "version": "4.1.0",
      "resolved": "https://registry.npmjs.org/cli-width/-/cli-width-4.1.0.tgz",
      "integrity": "sha512-ouuZd4/dm2Sw5Gmqy6bGyNNNe1qt9RpmxveLSO7KcgsTnU7RXfsw+/bukWGo1abgBiMAic068rclZsO4IWmmxQ==",
      "engines": {
        "node": ">= 12"
      }
    },
    "node_modules/color-convert": {
      "version": "2.0.1",
      "resolved": "https://registry.npmjs.org/color-convert/-/color-convert-2.0.1.tgz",
      "integrity": "sha512-RRECPsj7iu/xb5oKYcsFHSppFNnsj/52OVTRKb4zP5onXwVF3zVmmToNcOfGC+CRDpfK/U584fMg38ZHCaElKQ==",
      "dependencies": {
        "color-name": "~1.1.4"
      },
      "engines": {
        "node": ">=7.0.0"
      }
    },
    "node_modules/color-name": {
      "version": "1.1.4",
      "resolved": "https://registry.npmjs.org/color-name/-/color-name-1.1.4.tgz",
      "integrity": "sha512-dOy+3AuW3a2wNbZHIuMZpTcgjGuLU/uBL/ubcZF9OXbDo8ff4O8yVp5Bf0efS8uEoYo5q4Fx7dY9OgQGXgAsQA=="
    },
    "node_modules/commander": {
      "version": "12.1.0",
      "resolved": "https://registry.npmjs.org/commander/-/commander-12.1.0.tgz",
      "integrity": "sha512-Vw8qHK3bZM9y/P10u3Vib8o/DdkvA2OtPtZvD871QKjy74Wj1WSKFILMPRPSdUSx5RFK1arlJzEtA4PkFgnbuA==",
      "engines": {
        "node": ">=18"
      }
    },
    "node_modules/d": {
      "version": "1.0.2",
      "resolved": "https://registry.npmjs.org/d/-/d-1.0.2.tgz",
      "integrity": "sha512-MOqHvMWF9/9MX6nza0KgvFH4HpMU0EF5uUDXqX/BtxtU8NfB0QzRtJ8Oe/6SuS4kbhyzVJwjd97EA4PKrzJ8bw==",
      "dependencies": {
        "es5-ext": "^0.10.64",
        "type": "^2.7.2"
      },
      "engines": {
        "node": ">=0.12"
      }
    },
    "node_modules/emoji-regex": {
      "version": "8.0.0",
      "resolved": "https://registry.npmjs.org/emoji-regex/-/emoji-regex-8.0.0.tgz",
      "integrity": "sha512-MSjYzcWNOA0ewAHpz0MxpYFvwg6yjy1NG3xteoqz644VCo/RPgnr1/GGt+ic3iJTzQ8Eu3TdM14SawnVUmGE6A=="
    },
    "node_modules/es5-ext": {
      "version": "0.10.64",
      "resolved": "https://registry.npmjs.org/es5-ext/-/es5-ext-0.10.64.tgz",
      "integrity": "sha512-p2snDhiLaXe6dahss1LddxqEm+SkuDvV8dnIQG0MWjyHpcMNfXKPE+/Cc0y+PhxJX3A4xGNeFCj5oc0BUh6deg==",
      "hasInstallScript": true,
      "dependencies": {
        "es6-iterator": "^2.0.3",
        "es6-symbol": "^3.1.3",
        "esniff": "^2.0.1",
        "next-tick": "^1.1.0"
      },
      "engines": {
        "node": ">=0.10"
      }
    },
    "node_modules/es6-iterator": {
      "version": "2.0.3",
      "resolved": "https://registry.npmjs.org/es6-iterator/-/es6-iterator-2.0.3.tgz",
      "integrity": "sha512-zw4SRzoUkd+cl+ZoE15A9o1oQd920Bb0iOJMQkQhl3jNc03YqVjAhG7scf9C5KWRU/R13Orf588uCC6525o02g==",
      "dependencies": {
        "d": "1",
        "es5-ext": "^0.10.35",
        "es6-symbol": "^3.1.1"
      }
    },
    "node_modules/es6-symbol": {
      "version": "3.1.4",
      "resolved": "https://registry.npmjs.org/es6-symbol/-/es6-symbol-3.1.4.tgz",
      "integrity": "sha512-U9bFFjX8tFiATgtkJ1zg25+KviIXpgRvRHS8sau3GfhVzThRQrOeksPeT0BWW2MNZs1OEWJ1DPXOQMn0KKRkvg==",
      "dependencies": {
        "d": "^1.0.2",
        "ext": "^1.7.0"
      },
      "engines": {
        "node": ">=0.12"
      }
    },
    "node_modules/es6-weak-map": {
      "version": "2.0.3",
      "resolved": "https://registry.npmjs.org/es6-weak-map/-/es6-weak-map-2.0.3.tgz",
      "integrity": "sha512-p5um32HOTO1kP+w7PRnB+5lQ43Z6muuMuIMffvDN8ZB4GcnjLBV6zGStpbASIMk4DCAvEaamhe2zhyCb/QXXsA==",
      "dependencies": {
        "d": "1",
        "es5-ext": "^0.10.46",
        "es6-iterator": "^2.0.3",
        "es6-symbol": "^3.1.1"
      }
    },
    "node_modules/esniff": {
      "version": "2.0.1",
      "resolved": "https://registry.npmjs.org/esniff/-/esniff-2.0.1.tgz",
      "integrity": "sha512-kTUIGKQ/mDPFoJ0oVfcmyJn4iBDRptjNVIzwIFR7tqWXdVI9xfA2RMwY/gbSpJG3lkdWNEjLap/NqVHZiJsdfg==",
      "dependencies": {
        "d": "^1.0.1",
        "es5-ext": "^0.10.62",
        "event-emitter": "^0.3.5",
        "type": "^2.7.2"
      },
      "engines": {
        "node": ">=0.10"
      }
    },
    "node_modules/event-emitter": {
      "version": "0.3.5",
      "resolved": "https://registry.npmjs.org/event-emitter/-/event-emitter-0.3.5.tgz",
      "integrity": "sha512-D9rRn9y7kLPnJ+hMq7S/nhvoKwwvVJahBi2BPmx3bvbsEdK3W9ii8cBSGjP+72/LnM4n6fo3+dkCX5FeTQruXA==",
      "dependencies": {
        "d": "1",
        "es5-ext": "~0.10.14"
      }
    },
    "node_modules/ext": {
      "version": "1.7.0",
      "resolved": "https://registry.npmjs.org/ext/-/ext-1.7.0.tgz",
      "integrity": "sha512-6hxeJYaL110a9b5TEJSj0gojyHQAmA2ch5Os+ySCiA1QGdS697XWY1pzsrSjqA9LDEEgdB/KypIlR59RcLuHYw==",
      "dependencies": {
        "type": "^2.7.2"
      }
    },
    "node_modules/external-editor": {
      "version": "3.1.0",
      "resolved": "https://registry.npmjs.org/external-editor/-/external-editor-3.1.0.tgz",
      "integrity": "sha512-hMQ4CX1p1izmuLYyZqLMO/qGNw10wSv9QDCPfzXfyFrOaCSSoRfqE1Kf1s5an66J5JZC62NewG+mK49jOCtQew==",
      "dependencies": {
        "chardet": "^0.7.0",
        "iconv-lite": "^0.4.24",
        "tmp": "^0.0.33"
      },
      "engines": {
        "node": ">=4"
      }
    },
    "node_modules/iconv-lite": {
      "version": "0.4.24",
      "resolved": "https://registry.npmjs.org/iconv-lite/-/iconv-lite-0.4.24.tgz",
      "integrity": "sha512-v3MXnZAcvnywkTUEZomIActle7RXXeedOR31wwl7VlyoXO4Qi9arvSenNQWne1TcRwhCL1HwLI21bEqdpj8/rA==",
      "dependencies": {
        "safer-buffer": ">= 2.1.2 < 3"
      },
      "engines": {
        "node": ">=0.10.0"
      }
    },
    "node_modules/is-fullwidth-code-point": {
      "version": "3.0.0",
      "resolved": "https://registry.npmjs.org/is-fullwidth-code-point/-/is-fullwidth-code-point-3.0.0.tgz",
      "integrity": "sha512-zymm5+u+sCsSWyD9qNaejV3DFvhCKclKdizYaJUuHA83RLjb7nSuGnddCHGv0hk+KY7BMAlsWeK4Ueg6EV6XQg==",
      "engines": {
        "node": ">=8"
      }
    },
    "node_modules/is-promise": {
      "version": "2.2.2",
      "resolved": "https://registry.npmjs.org/is-promise/-/is-promise-2.2.2.tgz",
      "integrity": "sha512-+lP4/6lKUBfQjZ2pdxThZvLUAafmZb8OAxFb8XXtiQmS35INgr85hdOGoEs124ez1FCnZJt6jau/T+alh58QFQ=="
    },
    "node_modules/lru-queue": {
      "version": "0.1.0",
      "resolved": "https://registry.npmjs.org/lru-queue/-/lru-queue-0.1.0.tgz",
      "integrity": "sha512-BpdYkt9EvGl8OfWHDQPISVpcl5xZthb+XPsbELj5AQXxIC8IriDZIQYjBJPEm5rS420sjZ0TLEzRcq5KdBhYrQ==",
      "dependencies": {
        "es5-ext": "~0.10.2"
      }
    },
    "node_modules/memoizee": {
      "version": "0.4.17",
      "resolved": "https://registry.npmjs.org/memoizee/-/memoizee-0.4.17.tgz",
      "integrity": "sha512-DGqD7Hjpi/1or4F/aYAspXKNm5Yili0QDAFAY4QYvpqpgiY6+1jOfqpmByzjxbWd/T9mChbCArXAbDAsTm5oXA==",
      "dependencies": {
        "d": "^1.0.2",
        "es5-ext": "^0.10.64",
        "es6-weak-map": "^2.0.3",
        "event-emitter": "^0.3.5",
        "is-promise": "^2.2.2",
        "lru-queue": "^0.1.0",
        "next-tick": "^1.1.0",
        "timers-ext": "^0.1.7"
      },
      "engines": {
        "node": ">=0.12"
      }
    },
    "node_modules/mute-stream": {
      "version": "2.0.0",
      "resolved": "https://registry.npmjs.org/mute-stream/-/mute-stream-2.0.0.tgz",
      "integrity": "sha512-WWdIxpyjEn+FhQJQQv9aQAYlHoNVdzIzUySNV1gHUPDSdZJ3yZn7pAAbQcV7B56Mvu881q9FZV+0Vx2xC44VWA==",
      "engines": {
        "node": "^18.17.0 || >=20.5.0"
      }
    },
    "node_modules/next-tick": {
      "version": "1.1.0",
      "resolved": "https://registry.npmjs.org/next-tick/-/next-tick-1.1.0.tgz",
      "integrity": "sha512-CXdUiJembsNjuToQvxayPZF9Vqht7hewsvy2sOWafLvi2awflj9mOC6bHIg50orX8IJvWKY9wYQ/zB2kogPslQ=="
    },
    "node_modules/os-tmpdir": {
      "version": "1.0.2",
      "resolved": "https://registry.npmjs.org/os-tmpdir/-/os-tmpdir-1.0.2.tgz",
      "integrity": "sha512-D2FR03Vir7FIu45XBY20mTb+/ZSWB00sjU9jdQXt83gDrI4Ztz5Fs7/yy74g2N5SVQY4xY1qDr4rNddwYRVX0g==",
      "engines": {
        "node": ">=0.10.0"
      }
    },
    "node_modules/safer-buffer": {
      "version": "2.1.2",
      "resolved": "https://registry.npmjs.org/safer-buffer/-/safer-buffer-2.1.2.tgz",
      "integrity": "sha512-YZo3K82SD7Riyi0E1EQPojLz7kpepnSQI9IyPbHHg1XXXevb5dJI7tpyN2ADxGcQbHG7vcyRHk0cbwqcQriUtg=="
    },
    "node_modules/signal-exit": {
      "version": "4.1.0",
      "resolved": "https://registry.npmjs.org/signal-exit/-/signal-exit-4.1.0.tgz",
      "integrity": "sha512-bzyZ1e88w9O1iNJbKnOlvYTrWPDl46O1bG0D3XInv+9tkPrxrN8jUUTiFlDkkmKWgn1M6CfIA13SuGqOa9Korw==",
      "engines": {
        "node": ">=14"
      },
      "funding": {
        "url": "https://github.com/sponsors/isaacs"
      }
    },
    "node_modules/string-width": {
      "version": "4.2.3",
      "resolved": "https://registry.npmjs.org/string-width/-/string-width-4.2.3.tgz",
      "integrity": "sha512-wKyQRQpjJ0sIp62ErSZdGsjMJWsap5oRNihHhu6G7JVO/9jIB6UyevL+tXuOqrng8j/cxKTWyWUwvSTriiZz/g==",
      "dependencies": {
        "emoji-regex": "^8.0.0",
        "is-fullwidth-code-point": "^3.0.0",
        "strip-ansi": "^6.0.1"
      },
      "engines": {
        "node": ">=8"
      }
    },
    "node_modules/strip-ansi": {
      "version": "6.0.1",
      "resolved": "https://registry.npmjs.org/strip-ansi/-/strip-ansi-6.0.1.tgz",
      "integrity": "sha512-Y38VPSHcqkFrCpFnQ9vuSXmquuv5oXOKpGeT6aGrr3o3Gc9AlVa6JBfUSOCnbxGGZF+/0ooI7KrPuUSztUdU5A==",
      "dependencies": {
        "ansi-regex": "^5.0.1"
      },
      "engines": {
        "node": ">=8"
      }
    },
    "node_modules/timers-ext": {
      "version": "0.1.8",
      "resolved": "https://registry.npmjs.org/timers-ext/-/timers-ext-0.1.8.tgz",
      "integrity": "sha512-wFH7+SEAcKfJpfLPkrgMPvvwnEtj8W4IurvEyrKsDleXnKLCDw71w8jltvfLa8Rm4qQxxT4jmDBYbJG/z7qoww==",
      "dependencies": {
        "es5-ext": "^0.10.64",
        "next-tick": "^1.1.0"
      },
      "engines": {
        "node": ">=0.12"
      }
    },
    "node_modules/tmp": {
      "version": "0.0.33",
      "resolved": "https://registry.npmjs.org/tmp/-/tmp-0.0.33.tgz",
      "integrity": "sha512-jRCJlojKnZ3addtTOjdIqoRuPEKBvNXcGYqzO6zWZX8KfKEpnGY5jfggJQ3EjKuu8D4bJRr0y+cYJFmYbImXGw==",
      "dependencies": {
        "os-tmpdir": "~1.0.2"
      },
      "engines": {
        "node": ">=0.6.0"
      }
    },
    "node_modules/type": {
      "version": "2.7.3",
      "resolved": "https://registry.npmjs.org/type/-/type-2.7.3.tgz",
      "integrity": "sha512-8j+1QmAbPvLZow5Qpi6NCaN8FB60p/6x8/vfNqOk/hC+HuvFZhL4+WfekuhQLiqFZXOgQdrs3B+XxEmCc6b3FQ=="
    },
    "node_modules/type-fest": {
      "version": "0.21.3",
      "resolved": "https://registry.npmjs.org/type-fest/-/type-fest-0.21.3.tgz",
      "integrity": "sha512-t0rzBq87m3fVcduHDUFhKmyyX+9eo6WQjZvf51Ea/M0Q7+T374Jp1aUiyUl0GKxp8M/OETVHSDvmkyPgvX+X2w==",
      "engines": {
        "node": ">=10"
      },
      "funding": {
        "url": "https://github.com/sponsors/sindresorhus"
      }
    },
    "node_modules/undici-types": {
      "version": "6.19.8",
      "resolved": "https://registry.npmjs.org/undici-types/-/undici-types-6.19.8.tgz",
      "integrity": "sha512-ve2KP6f/JnbPBFyobGHuerC9g1FYGn/F8n1LWTwNxCEzd6IfqTwUQcNXgEtmmQ6DlRrC1hrSrBnCZPokRrDHjw==",
      "peer": true
    },
    "node_modules/wrap-ansi": {
      "version": "6.2.0",
      "resolved": "https://registry.npmjs.org/wrap-ansi/-/wrap-ansi-6.2.0.tgz",
      "integrity": "sha512-r6lPcBGxZXlIcymEu7InxDMhdW0KDxpLgoFLcguasxCaJ/SOIZwINatK9KY/tf+ZrlywOKU0UDj3ATXUBfxJXA==",
      "dependencies": {
        "ansi-styles": "^4.0.0",
        "string-width": "^4.1.0",
        "strip-ansi": "^6.0.0"
      },
      "engines": {
        "node": ">=8"
      }
    },
    "node_modules/yoctocolors-cjs": {
      "version": "2.1.2",
      "resolved": "https://registry.npmjs.org/yoctocolors-cjs/-/yoctocolors-cjs-2.1.2.tgz",
      "integrity": "sha512-cYVsTjKl8b+FrnidjibDWskAv7UKOfcwaVZdp/it9n1s9fU3IkgDbhdIRKCW4JDsAlECJY0ytoVPT3sK6kideA==",
      "engines": {
        "node": ">=18"
      },
      "funding": {
        "url": "https://github.com/sponsors/sindresorhus"
      }
    }
  },
  "dependencies": {
    "@inquirer/checkbox": {
      "version": "4.0.1",
      "resolved": "https://registry.npmjs.org/@inquirer/checkbox/-/checkbox-4.0.1.tgz",
      "integrity": "sha512-ehJjmNPdguajc1hStvjN7DJNVjwG5LC1mgGMGFjCmdkn2fxB2GtULftMnlaqNmvMdPpqdaSoOFpl86VkLtG4pQ==",
      "requires": {
        "@inquirer/core": "^10.0.1",
        "@inquirer/figures": "^1.0.7",
        "@inquirer/type": "^3.0.0",
        "ansi-escapes": "^4.3.2",
        "yoctocolors-cjs": "^2.1.2"
      }
    },
    "@inquirer/confirm": {
      "version": "5.0.1",
      "resolved": "https://registry.npmjs.org/@inquirer/confirm/-/confirm-5.0.1.tgz",
      "integrity": "sha512-6ycMm7k7NUApiMGfVc32yIPp28iPKxhGRMqoNDiUjq2RyTAkbs5Fx0TdzBqhabcKvniDdAAvHCmsRjnNfTsogw==",
      "requires": {
        "@inquirer/core": "^10.0.1",
        "@inquirer/type": "^3.0.0"
      }
    },
    "@inquirer/core": {
      "version": "10.0.1",
      "resolved": "https://registry.npmjs.org/@inquirer/core/-/core-10.0.1.tgz",
      "integrity": "sha512-KKTgjViBQUi3AAssqjUFMnMO3CM3qwCHvePV9EW+zTKGKafFGFF01sc1yOIYjLJ7QU52G/FbzKc+c01WLzXmVQ==",
      "requires": {
        "@inquirer/figures": "^1.0.7",
        "@inquirer/type": "^3.0.0",
        "ansi-escapes": "^4.3.2",
        "cli-width": "^4.1.0",
        "mute-stream": "^2.0.0",
        "signal-exit": "^4.1.0",
        "strip-ansi": "^6.0.1",
        "wrap-ansi": "^6.2.0",
        "yoctocolors-cjs": "^2.1.2"
      }
    },
    "@inquirer/editor": {
      "version": "4.0.1",
      "resolved": "https://registry.npmjs.org/@inquirer/editor/-/editor-4.0.1.tgz",
      "integrity": "sha512-qAHHJ6hs343eNtCKgV2wV5CImFxYG8J1pl/YCeI5w9VoW7QpulRUU26+4NsMhjR6zDRjKBsH/rRjCIcaAOHsrg==",
      "requires": {
        "@inquirer/core": "^10.0.1",
        "@inquirer/type": "^3.0.0",
        "external-editor": "^3.1.0"
      }
    },
    "@inquirer/expand": {
      "version": "4.0.1",
      "resolved": "https://registry.npmjs.org/@inquirer/expand/-/expand-4.0.1.tgz",
      "integrity": "sha512-9anjpdc802YInXekwePsa5LWySzVMHbhVS6v6n5IJxrl8w09mODOeP69wZ1d0WrOvot2buQSmYp4lW/pq8y+zQ==",
      "requires": {
        "@inquirer/core": "^10.0.1",
        "@inquirer/type": "^3.0.0",
        "yoctocolors-cjs": "^2.1.2"
      }
    },
    "@inquirer/figures": {
      "version": "1.0.7",
      "resolved": "https://registry.npmjs.org/@inquirer/figures/-/figures-1.0.7.tgz",
      "integrity": "sha512-m+Trk77mp54Zma6xLkLuY+mvanPxlE4A7yNKs2HBiyZ4UkVs28Mv5c/pgWrHeInx+USHeX/WEPzjrWrcJiQgjw=="
    },
    "@inquirer/input": {
      "version": "4.0.1",
      "resolved": "https://registry.npmjs.org/@inquirer/input/-/input-4.0.1.tgz",
      "integrity": "sha512-m+SliZ2m43cDRIpAdQxfv5QOeAQCuhS8TGLvtzEP1An4IH1kBES4RLMRgE/fC+z29aN8qYG8Tq/eXQQKTYwqAg==",
      "requires": {
        "@inquirer/core": "^10.0.1",
        "@inquirer/type": "^3.0.0"
      }
    },
    "@inquirer/number": {
      "version": "3.0.1",
      "resolved": "https://registry.npmjs.org/@inquirer/number/-/number-3.0.1.tgz",
      "integrity": "sha512-gF3erqfm0snpwBjbyKXUUe17QJ7ebm49btXApajrM0rgCCoYX0o9W5NCuYNae87iPxaIJVjtuoQ42DX32IdbMA==",
      "requires": {
        "@inquirer/core": "^10.0.1",
        "@inquirer/type": "^3.0.0"
      }
    },
    "@inquirer/password": {
      "version": "4.0.1",
      "resolved": "https://registry.npmjs.org/@inquirer/password/-/password-4.0.1.tgz",
      "integrity": "sha512-D7zUuX4l4ZpL3D7/SWu9ibijP09jigwHi/gfUHLx5GMS5oXzuMfPV2xPMG1tskco4enTx70HA0VtMXecerpvbg==",
      "requires": {
        "@inquirer/core": "^10.0.1",
        "@inquirer/type": "^3.0.0",
        "ansi-escapes": "^4.3.2"
      }
    },
    "@inquirer/prompts": {
      "version": "7.0.1",
      "resolved": "https://registry.npmjs.org/@inquirer/prompts/-/prompts-7.0.1.tgz",
      "integrity": "sha512-cu2CpGC2hz7WTt2VBvdkzahDvYice6vYA/8Dm7Fy3tRNzKuQTF2EY3CV4H2GamveWE6tA2XzyXtbWX8+t4WMQg==",
      "requires": {
        "@inquirer/checkbox": "^4.0.1",
        "@inquirer/confirm": "^5.0.1",
        "@inquirer/editor": "^4.0.1",
        "@inquirer/expand": "^4.0.1",
        "@inquirer/input": "^4.0.1",
        "@inquirer/number": "^3.0.1",
        "@inquirer/password": "^4.0.1",
        "@inquirer/rawlist": "^4.0.1",
        "@inquirer/search": "^3.0.1",
        "@inquirer/select": "^4.0.1"
      }
    },
    "@inquirer/rawlist": {
      "version": "4.0.1",
      "resolved": "https://registry.npmjs.org/@inquirer/rawlist/-/rawlist-4.0.1.tgz",
      "integrity": "sha512-0LuMOgaWs7W8JNcbiKkoFwyWFDEeCmLqDCygF0hidQUVa6J5grFVRZxrpompiWDFM49Km2rf7WoZwRo1uf1yWQ==",
      "requires": {
        "@inquirer/core": "^10.0.1",
        "@inquirer/type": "^3.0.0",
        "yoctocolors-cjs": "^2.1.2"
      }
    },
    "@inquirer/search": {
      "version": "3.0.1",
      "resolved": "https://registry.npmjs.org/@inquirer/search/-/search-3.0.1.tgz",
      "integrity": "sha512-ehMqjiO0pAf+KtdONKeCLVy4i3fy3feyRRhDrvzWhiwB8JccgKn7eHFr39l+Nx/FaZAhr0YxIJvkK5NuNvG+Ww==",
      "requires": {
        "@inquirer/core": "^10.0.1",
        "@inquirer/figures": "^1.0.7",
        "@inquirer/type": "^3.0.0",
        "yoctocolors-cjs": "^2.1.2"
      }
    },
    "@inquirer/select": {
      "version": "4.0.1",
      "resolved": "https://registry.npmjs.org/@inquirer/select/-/select-4.0.1.tgz",
      "integrity": "sha512-tVRatFRGU49bxFCKi/3P+C0E13KZduNFbWuHWRx0L2+jbiyKRpXgHp9qiRHWRk/KarhYBXzH/di6w3VQ5aJd5w==",
      "requires": {
        "@inquirer/core": "^10.0.1",
        "@inquirer/figures": "^1.0.7",
        "@inquirer/type": "^3.0.0",
        "ansi-escapes": "^4.3.2",
        "yoctocolors-cjs": "^2.1.2"
      }
    },
    "@inquirer/type": {
      "version": "3.0.0",
      "resolved": "https://registry.npmjs.org/@inquirer/type/-/type-3.0.0.tgz",
      "integrity": "sha512-YYykfbw/lefC7yKj7nanzQXILM7r3suIvyFlCcMskc99axmsSewXWkAfXKwMbgxL76iAFVmRwmYdwNZNc8gjog==",
      "requires": {}
    },
    "@types/node": {
      "version": "22.8.2",
      "resolved": "https://registry.npmjs.org/@types/node/-/node-22.8.2.tgz",
      "integrity": "sha512-NzaRNFV+FZkvK/KLCsNdTvID0SThyrs5SHB6tsD/lajr22FGC73N2QeDPM2wHtVde8mgcXuSsHQkH5cX1pbPLw==",
      "peer": true,
      "requires": {
        "undici-types": "~6.19.8"
      }
    },
    "ansi-escapes": {
      "version": "4.3.2",
      "resolved": "https://registry.npmjs.org/ansi-escapes/-/ansi-escapes-4.3.2.tgz",
      "integrity": "sha512-gKXj5ALrKWQLsYG9jlTRmR/xKluxHV+Z9QEwNIgCfM1/uwPMCuzVVnh5mwTd+OuBZcwSIMbqssNWRm1lE51QaQ==",
      "requires": {
        "type-fest": "^0.21.3"
      }
    },
    "ansi-regex": {
      "version": "5.0.1",
      "resolved": "https://registry.npmjs.org/ansi-regex/-/ansi-regex-5.0.1.tgz",
      "integrity": "sha512-quJQXlTSUGL2LH9SUXo8VwsY4soanhgo6LNSm84E1LBcE8s3O0wpdiRzyR9z/ZZJMlMWv37qOOb9pdJlMUEKFQ=="
    },
    "ansi-styles": {
      "version": "4.3.0",
      "resolved": "https://registry.npmjs.org/ansi-styles/-/ansi-styles-4.3.0.tgz",
      "integrity": "sha512-zbB9rCJAT1rbjiVDb2hqKFHNYLxgtk8NURxZ3IZwD3F6NtxbXZQCnnSi1Lkx+IDohdPlFp222wVALIheZJQSEg==",
      "requires": {
        "color-convert": "^2.0.1"
      }
    },
    "chardet": {
      "version": "0.7.0",
      "resolved": "https://registry.npmjs.org/chardet/-/chardet-0.7.0.tgz",
      "integrity": "sha512-mT8iDcrh03qDGRRmoA2hmBJnxpllMR+0/0qlzjqZES6NdiWDcZkCNAk4rPFZ9Q85r27unkiNNg8ZOiwZXBHwcA=="
    },
    "cli-color": {
      "version": "2.0.4",
      "resolved": "https://registry.npmjs.org/cli-color/-/cli-color-2.0.4.tgz",
      "integrity": "sha512-zlnpg0jNcibNrO7GG9IeHH7maWFeCz+Ja1wx/7tZNU5ASSSSZ+/qZciM0/LHCYxSdqv5h2sdbQ/PXYdOuetXvA==",
      "requires": {
        "d": "^1.0.1",
        "es5-ext": "^0.10.64",
        "es6-iterator": "^2.0.3",
        "memoizee": "^0.4.15",
        "timers-ext": "^0.1.7"
      }
    },
    "cli-width": {
      "version": "4.1.0",
      "resolved": "https://registry.npmjs.org/cli-width/-/cli-width-4.1.0.tgz",
      "integrity": "sha512-ouuZd4/dm2Sw5Gmqy6bGyNNNe1qt9RpmxveLSO7KcgsTnU7RXfsw+/bukWGo1abgBiMAic068rclZsO4IWmmxQ=="
    },
    "color-convert": {
      "version": "2.0.1",
      "resolved": "https://registry.npmjs.org/color-convert/-/color-convert-2.0.1.tgz",
      "integrity": "sha512-RRECPsj7iu/xb5oKYcsFHSppFNnsj/52OVTRKb4zP5onXwVF3zVmmToNcOfGC+CRDpfK/U584fMg38ZHCaElKQ==",
      "requires": {
        "color-name": "~1.1.4"
      }
    },
    "color-name": {
      "version": "1.1.4",
      "resolved": "https://registry.npmjs.org/color-name/-/color-name-1.1.4.tgz",
      "integrity": "sha512-dOy+3AuW3a2wNbZHIuMZpTcgjGuLU/uBL/ubcZF9OXbDo8ff4O8yVp5Bf0efS8uEoYo5q4Fx7dY9OgQGXgAsQA=="
    },
    "commander": {
      "version": "12.1.0",
      "resolved": "https://registry.npmjs.org/commander/-/commander-12.1.0.tgz",
      "integrity": "sha512-Vw8qHK3bZM9y/P10u3Vib8o/DdkvA2OtPtZvD871QKjy74Wj1WSKFILMPRPSdUSx5RFK1arlJzEtA4PkFgnbuA=="
    },
    "d": {
      "version": "1.0.2",
      "resolved": "https://registry.npmjs.org/d/-/d-1.0.2.tgz",
      "integrity": "sha512-MOqHvMWF9/9MX6nza0KgvFH4HpMU0EF5uUDXqX/BtxtU8NfB0QzRtJ8Oe/6SuS4kbhyzVJwjd97EA4PKrzJ8bw==",
      "requires": {
        "es5-ext": "^0.10.64",
        "type": "^2.7.2"
      }
    },
    "emoji-regex": {
      "version": "8.0.0",
      "resolved": "https://registry.npmjs.org/emoji-regex/-/emoji-regex-8.0.0.tgz",
      "integrity": "sha512-MSjYzcWNOA0ewAHpz0MxpYFvwg6yjy1NG3xteoqz644VCo/RPgnr1/GGt+ic3iJTzQ8Eu3TdM14SawnVUmGE6A=="
    },
    "es5-ext": {
      "version": "0.10.64",
      "resolved": "https://registry.npmjs.org/es5-ext/-/es5-ext-0.10.64.tgz",
      "integrity": "sha512-p2snDhiLaXe6dahss1LddxqEm+SkuDvV8dnIQG0MWjyHpcMNfXKPE+/Cc0y+PhxJX3A4xGNeFCj5oc0BUh6deg==",
      "requires": {
        "es6-iterator": "^2.0.3",
        "es6-symbol": "^3.1.3",
        "esniff": "^2.0.1",
        "next-tick": "^1.1.0"
      }
    },
    "es6-iterator": {
      "version": "2.0.3",
      "resolved": "https://registry.npmjs.org/es6-iterator/-/es6-iterator-2.0.3.tgz",
      "integrity": "sha512-zw4SRzoUkd+cl+ZoE15A9o1oQd920Bb0iOJMQkQhl3jNc03YqVjAhG7scf9C5KWRU/R13Orf588uCC6525o02g==",
      "requires": {
        "d": "1",
        "es5-ext": "^0.10.35",
        "es6-symbol": "^3.1.1"
      }
    },
    "es6-symbol": {
      "version": "3.1.4",
      "resolved": "https://registry.npmjs.org/es6-symbol/-/es6-symbol-3.1.4.tgz",
      "integrity": "sha512-U9bFFjX8tFiATgtkJ1zg25+KviIXpgRvRHS8sau3GfhVzThRQrOeksPeT0BWW2MNZs1OEWJ1DPXOQMn0KKRkvg==",
      "requires": {
        "d": "^1.0.2",
        "ext": "^1.7.0"
      }
    },
    "es6-weak-map": {
      "version": "2.0.3",
      "resolved": "https://registry.npmjs.org/es6-weak-map/-/es6-weak-map-2.0.3.tgz",
      "integrity": "sha512-p5um32HOTO1kP+w7PRnB+5lQ43Z6muuMuIMffvDN8ZB4GcnjLBV6zGStpbASIMk4DCAvEaamhe2zhyCb/QXXsA==",
      "requires": {
        "d": "1",
        "es5-ext": "^0.10.46",
        "es6-iterator": "^2.0.3",
        "es6-symbol": "^3.1.1"
      }
    },
    "esniff": {
      "version": "2.0.1",
      "resolved": "https://registry.npmjs.org/esniff/-/esniff-2.0.1.tgz",
      "integrity": "sha512-kTUIGKQ/mDPFoJ0oVfcmyJn4iBDRptjNVIzwIFR7tqWXdVI9xfA2RMwY/gbSpJG3lkdWNEjLap/NqVHZiJsdfg==",
      "requires": {
        "d": "^1.0.1",
        "es5-ext": "^0.10.62",
        "event-emitter": "^0.3.5",
        "type": "^2.7.2"
      }
    },
    "event-emitter": {
      "version": "0.3.5",
      "resolved": "https://registry.npmjs.org/event-emitter/-/event-emitter-0.3.5.tgz",
      "integrity": "sha512-D9rRn9y7kLPnJ+hMq7S/nhvoKwwvVJahBi2BPmx3bvbsEdK3W9ii8cBSGjP+72/LnM4n6fo3+dkCX5FeTQruXA==",
      "requires": {
        "d": "1",
        "es5-ext": "~0.10.14"
      }
    },
    "ext": {
      "version": "1.7.0",
      "resolved": "https://registry.npmjs.org/ext/-/ext-1.7.0.tgz",
      "integrity": "sha512-6hxeJYaL110a9b5TEJSj0gojyHQAmA2ch5Os+ySCiA1QGdS697XWY1pzsrSjqA9LDEEgdB/KypIlR59RcLuHYw==",
      "requires": {
        "type": "^2.7.2"
      }
    },
    "external-editor": {
      "version": "3.1.0",
      "resolved": "https://registry.npmjs.org/external-editor/-/external-editor-3.1.0.tgz",
      "integrity": "sha512-hMQ4CX1p1izmuLYyZqLMO/qGNw10wSv9QDCPfzXfyFrOaCSSoRfqE1Kf1s5an66J5JZC62NewG+mK49jOCtQew==",
      "requires": {
        "chardet": "^0.7.0",
        "iconv-lite": "^0.4.24",
        "tmp": "^0.0.33"
      }
    },
    "iconv-lite": {
      "version": "0.4.24",
      "resolved": "https://registry.npmjs.org/iconv-lite/-/iconv-lite-0.4.24.tgz",
      "integrity": "sha512-v3MXnZAcvnywkTUEZomIActle7RXXeedOR31wwl7VlyoXO4Qi9arvSenNQWne1TcRwhCL1HwLI21bEqdpj8/rA==",
      "requires": {
        "safer-buffer": ">= 2.1.2 < 3"
      }
    },
    "is-fullwidth-code-point": {
      "version": "3.0.0",
      "resolved": "https://registry.npmjs.org/is-fullwidth-code-point/-/is-fullwidth-code-point-3.0.0.tgz",
      "integrity": "sha512-zymm5+u+sCsSWyD9qNaejV3DFvhCKclKdizYaJUuHA83RLjb7nSuGnddCHGv0hk+KY7BMAlsWeK4Ueg6EV6XQg=="
    },
    "is-promise": {
      "version": "2.2.2",
      "resolved": "https://registry.npmjs.org/is-promise/-/is-promise-2.2.2.tgz",
      "integrity": "sha512-+lP4/6lKUBfQjZ2pdxThZvLUAafmZb8OAxFb8XXtiQmS35INgr85hdOGoEs124ez1FCnZJt6jau/T+alh58QFQ=="
    },
    "lru-queue": {
      "version": "0.1.0",
      "resolved": "https://registry.npmjs.org/lru-queue/-/lru-queue-0.1.0.tgz",
      "integrity": "sha512-BpdYkt9EvGl8OfWHDQPISVpcl5xZthb+XPsbELj5AQXxIC8IriDZIQYjBJPEm5rS420sjZ0TLEzRcq5KdBhYrQ==",
      "requires": {
        "es5-ext": "~0.10.2"
      }
    },
    "memoizee": {
      "version": "0.4.17",
      "resolved": "https://registry.npmjs.org/memoizee/-/memoizee-0.4.17.tgz",
      "integrity": "sha512-DGqD7Hjpi/1or4F/aYAspXKNm5Yili0QDAFAY4QYvpqpgiY6+1jOfqpmByzjxbWd/T9mChbCArXAbDAsTm5oXA==",
      "requires": {
        "d": "^1.0.2",
        "es5-ext": "^0.10.64",
        "es6-weak-map": "^2.0.3",
        "event-emitter": "^0.3.5",
        "is-promise": "^2.2.2",
        "lru-queue": "^0.1.0",
        "next-tick": "^1.1.0",
        "timers-ext": "^0.1.7"
      }
    },
    "mute-stream": {
      "version": "2.0.0",
      "resolved": "https://registry.npmjs.org/mute-stream/-/mute-stream-2.0.0.tgz",
      "integrity": "sha512-WWdIxpyjEn+FhQJQQv9aQAYlHoNVdzIzUySNV1gHUPDSdZJ3yZn7pAAbQcV7B56Mvu881q9FZV+0Vx2xC44VWA=="
    },
    "next-tick": {
      "version": "1.1.0",
      "resolved": "https://registry.npmjs.org/next-tick/-/next-tick-1.1.0.tgz",
      "integrity": "sha512-CXdUiJembsNjuToQvxayPZF9Vqht7hewsvy2sOWafLvi2awflj9mOC6bHIg50orX8IJvWKY9wYQ/zB2kogPslQ=="
    },
    "os-tmpdir": {
      "version": "1.0.2",
      "resolved": "https://registry.npmjs.org/os-tmpdir/-/os-tmpdir-1.0.2.tgz",
      "integrity": "sha512-D2FR03Vir7FIu45XBY20mTb+/ZSWB00sjU9jdQXt83gDrI4Ztz5Fs7/yy74g2N5SVQY4xY1qDr4rNddwYRVX0g=="
    },
    "safer-buffer": {
      "version": "2.1.2",
      "resolved": "https://registry.npmjs.org/safer-buffer/-/safer-buffer-2.1.2.tgz",
      "integrity": "sha512-YZo3K82SD7Riyi0E1EQPojLz7kpepnSQI9IyPbHHg1XXXevb5dJI7tpyN2ADxGcQbHG7vcyRHk0cbwqcQriUtg=="
    },
    "signal-exit": {
      "version": "4.1.0",
      "resolved": "https://registry.npmjs.org/signal-exit/-/signal-exit-4.1.0.tgz",
      "integrity": "sha512-bzyZ1e88w9O1iNJbKnOlvYTrWPDl46O1bG0D3XInv+9tkPrxrN8jUUTiFlDkkmKWgn1M6CfIA13SuGqOa9Korw=="
    },
    "string-width": {
      "version": "4.2.3",
      "resolved": "https://registry.npmjs.org/string-width/-/string-width-4.2.3.tgz",
      "integrity": "sha512-wKyQRQpjJ0sIp62ErSZdGsjMJWsap5oRNihHhu6G7JVO/9jIB6UyevL+tXuOqrng8j/cxKTWyWUwvSTriiZz/g==",
      "requires": {
        "emoji-regex": "^8.0.0",
        "is-fullwidth-code-point": "^3.0.0",
        "strip-ansi": "^6.0.1"
      }
    },
    "strip-ansi": {
      "version": "6.0.1",
      "resolved": "https://registry.npmjs.org/strip-ansi/-/strip-ansi-6.0.1.tgz",
      "integrity": "sha512-Y38VPSHcqkFrCpFnQ9vuSXmquuv5oXOKpGeT6aGrr3o3Gc9AlVa6JBfUSOCnbxGGZF+/0ooI7KrPuUSztUdU5A==",
      "requires": {
        "ansi-regex": "^5.0.1"
      }
    },
    "timers-ext": {
      "version": "0.1.8",
      "resolved": "https://registry.npmjs.org/timers-ext/-/timers-ext-0.1.8.tgz",
      "integrity": "sha512-wFH7+SEAcKfJpfLPkrgMPvvwnEtj8W4IurvEyrKsDleXnKLCDw71w8jltvfLa8Rm4qQxxT4jmDBYbJG/z7qoww==",
      "requires": {
        "es5-ext": "^0.10.64",
        "next-tick": "^1.1.0"
      }
    },
    "tmp": {
      "version": "0.0.33",
      "resolved": "https://registry.npmjs.org/tmp/-/tmp-0.0.33.tgz",
      "integrity": "sha512-jRCJlojKnZ3addtTOjdIqoRuPEKBvNXcGYqzO6zWZX8KfKEpnGY5jfggJQ3EjKuu8D4bJRr0y+cYJFmYbImXGw==",
      "requires": {
        "os-tmpdir": "~1.0.2"
      }
    },
    "type": {
      "version": "2.7.3",
      "resolved": "https://registry.npmjs.org/type/-/type-2.7.3.tgz",
      "integrity": "sha512-8j+1QmAbPvLZow5Qpi6NCaN8FB60p/6x8/vfNqOk/hC+HuvFZhL4+WfekuhQLiqFZXOgQdrs3B+XxEmCc6b3FQ=="
    },
    "type-fest": {
      "version": "0.21.3",
      "resolved": "https://registry.npmjs.org/type-fest/-/type-fest-0.21.3.tgz",
      "integrity": "sha512-t0rzBq87m3fVcduHDUFhKmyyX+9eo6WQjZvf51Ea/M0Q7+T374Jp1aUiyUl0GKxp8M/OETVHSDvmkyPgvX+X2w=="
    },
    "undici-types": {
      "version": "6.19.8",
      "resolved": "https://registry.npmjs.org/undici-types/-/undici-types-6.19.8.tgz",
      "integrity": "sha512-ve2KP6f/JnbPBFyobGHuerC9g1FYGn/F8n1LWTwNxCEzd6IfqTwUQcNXgEtmmQ6DlRrC1hrSrBnCZPokRrDHjw==",
      "peer": true
    },
    "wrap-ansi": {
      "version": "6.2.0",
      "resolved": "https://registry.npmjs.org/wrap-ansi/-/wrap-ansi-6.2.0.tgz",
      "integrity": "sha512-r6lPcBGxZXlIcymEu7InxDMhdW0KDxpLgoFLcguasxCaJ/SOIZwINatK9KY/tf+ZrlywOKU0UDj3ATXUBfxJXA==",
      "requires": {
        "ansi-styles": "^4.0.0",
        "string-width": "^4.1.0",
        "strip-ansi": "^6.0.0"
      }
    },
    "yoctocolors-cjs": {
      "version": "2.1.2",
      "resolved": "https://registry.npmjs.org/yoctocolors-cjs/-/yoctocolors-cjs-2.1.2.tgz",
      "integrity": "sha512-cYVsTjKl8b+FrnidjibDWskAv7UKOfcwaVZdp/it9n1s9fU3IkgDbhdIRKCW4JDsAlECJY0ytoVPT3sK6kideA=="
    }
  }
}
